
Microsoft Visual Studio Solution File, Format Version 12.00
# Visual Studio Version 16
VisualStudioVersion = 16.0.30114.105
MinimumVisualStudioVersion = 10.0.40219.1
Project("{151D2E53-A2C4-4D7D-83FE-D05416EBD58E}") = "DemoDocker", "..\deploy\DemoDocker.deployproj", "{9C1B17AD-7CDB-40C4-81DC-3F3150EBD8EF}"
EndProject
Global
	GlobalSection(SolutionConfigurationPlatforms) = preSolution
		Debug|Any CPU = Debug|Any CPU
		Release|Any CPU = Release|Any CPU
	EndGlobalSection
	GlobalSection(ProjectConfigurationPlatforms) = postSolution
		{9C1B17AD-7CDB-40C4-81DC-3F3150EBD8EF}.Debug|Any CPU.ActiveCfg = Debug|Any CPU
		{9C1B17AD-7CDB-40C4-81DC-3F3150EBD8EF}.Debug|Any CPU.Build.0 = Debug|Any CPU
		{9C1B17AD-7CDB-40C4-81DC-3F3150EBD8EF}.Release|Any CPU.ActiveCfg = Release|Any CPU
		{9C1B17AD-7CDB-40C4-81DC-3F3150EBD8EF}.Release|Any CPU.Build.0 = Release|Any CPU
	EndGlobalSection
	GlobalSection(SolutionProperties) = preSolution
		HideSolutionNode = FALSE
	EndGlobalSection
	GlobalSection(ExtensibilityGlobals) = postSolution
		SolutionGuid = {1339F297-1129-48F7-932E-3DF86F4B063D}
	EndGlobalSection
EndGlobal
